
Microsoft Visual Studio Solution File, Format Version 12.00
# Visual Studio Version 18
VisualStudioVersion = 18.5.11801.241
MinimumVisualStudioVersion = 10.0.40219.1
Project("{FAE04EC0-301F-11D3-BF4B-00C04F79EFBC}") = "DistributedSystem.Raft", "DistributedSystem.Raft\DistributedSystem.Raft.csproj", "{900853A8-FE28-4472-BCF1-3C8C0DA5142A}"
EndProject
Project("{FAE04EC0-301F-11D3-BF4B-00C04F79EFBC}") = "DistributedSystem.AppendLog", "DistributedSystem.AppendLog\DistributedSystem.AppendLog.csproj", "{92DEDC1B-7579-4DA7-84B0-CB7E74B84FC8}"
EndProject
Project("{FAE04EC0-301F-11D3-BF4B-00C04F79EFBC}") = "DistributedSystem.WAL", "DistributedSystem.WAL\DistributedSystem.WAL.csproj", "{1A3DCE34-D83E-4379-8069-9F6CB5B4F3AD}"
EndProject
Project("{FAE04EC0-301F-11D3-BF4B-00C04F79EFBC}") = "DistributedSystem.HyperLogLog", "DistributedSystem.HyperLogLog\DistributedSystem.HyperLogLog.csproj", "{1B0749F3-80BB-439D-ACB4-AA341DC77670}"
EndProject
Project("{FAE04EC0-301F-11D3-BF4B-00C04F79EFBC}") = "DistributedSystem.2PC", "DistributedSystem.2PC\DistributedSystem.2PC.csproj", "{55BBC9CF-E1D1-4752-9C4B-B68DFD3F5DCE}"
EndProject
Project("{FAE04EC0-301F-11D3-BF4B-00C04F79EFBC}") = "DistributedSystem.BloomFilter", "DistributedSystem.BloomFilter\DistributedSystem.BloomFilter.csproj", "{C8B2299B-065A-4461-07A7-75EDAC171172}"
EndProject
Project("{FAE04EC0-301F-11D3-BF4B-00C04F79EFBC}") = "DistributedSystem.GossipProtocol", "DistributedSystem.GossipProtocol\DistributedSystem.GossipProtocol.csproj", "{58D83B49-74D8-33DE-148F-7D99758946F1}"
EndProject
Project("{FAE04EC0-301F-11D3-BF4B-00C04F79EFBC}") = "DistributedSystem.Paxos", "DistributedSystem.Paxos\DistributedSystem.Paxos.csproj", "{D412EBFE-7E25-49F1-9582-B2C262D527A6}"
EndProject
Project("{FAE04EC0-301F-11D3-BF4B-00C04F79EFBC}") = "DistributedSystem.Crdt", "DistributedSystem.Crdt\DistributedSystem.Crdt.csproj", "{3B794D82-F6B1-4505-8806-180693701620}"
EndProject
Project("{2150E333-8FDC-42A3-9474-1A3956D46DE8}") = "Consensus", "Consensus", "{18FC440B-3FBD-4462-851E-0ACF16483D2C}"
EndProject
Project("{2150E333-8FDC-42A3-9474-1A3956D46DE8}") = "Strong Consistency", "Strong Consistency", "{EFD9EEA2-F50E-4C97-8EC8-1657356F82DE}"
EndProject
Project("{2150E333-8FDC-42A3-9474-1A3956D46DE8}") = "Eventual Consistency", "Eventual Consistency", "{1614FB4E-9AD4-4C52-8F8C-90E8C4299814}"
EndProject
Project("{2150E333-8FDC-42A3-9474-1A3956D46DE8}") = "Storage Engine", "Storage Engine", "{FE5048E1-2B08-4FD2-9857-31C712CFA7F4}"
EndProject
Project("{2150E333-8FDC-42A3-9474-1A3956D46DE8}") = "Distributed Transactions", "Distributed Transactions", "{DAC688D3-3639-4854-90DC-66F0B3F89508}"
EndProject
Project("{2150E333-8FDC-42A3-9474-1A3956D46DE8}") = "Probabilistic Data Structures", "Probabilistic Data Structures", "{6681FEE5-C48F-4354-87F3-54EC4D6C6F10}"
EndProject
Project("{FAE04EC0-301F-11D3-BF4B-00C04F79EFBC}") = "DistributedSystem.CountMinSketch", "DistributedSystem.CountMinSketch\DistributedSystem.CountMinSketch.csproj", "{93E8A089-DC69-4DB0-AFC4-79196D4DA880}"
EndProject
Project("{2150E333-8FDC-42A3-9474-1A3956D46DE8}") = "Partitioning", "Partitioning", "{2F43C6A1-CFED-4506-AFA5-24E9FB79E7F7}"
EndProject
Project("{FAE04EC0-301F-11D3-BF4B-00C04F79EFBC}") = "DistributedSystem.Sharding", "DistributedSystem.Sharding\DistributedSystem.Sharding.csproj", "{977BAB95-B356-496D-8817-C236A3DF022F}"
EndProject
Project("{FAE04EC0-301F-11D3-BF4B-00C04F79EFBC}") = "DistributedSystem.Partitioning", "DistributedSystem.Partitioning\DistributedSystem.Partitioning.csproj", "{51C04C37-DE88-4367-B90C-CFF4277F4785}"
EndProject
Project("{FAE04EC0-301F-11D3-BF4B-00C04F79EFBC}") = "DistributedSystem.HashTable", "DistributedSystem.HashTable\DistributedSystem.HashTable.csproj", "{3B97F323-5563-48E2-87C7-DFAE49D26014}"
EndProject
Project("{FAE04EC0-301F-11D3-BF4B-00C04F79EFBC}") = "DistributedSystem.LSMTree", "DistributedSystem.LSMTree\DistributedSystem.LSMTree.csproj", "{98C0C9F3-4988-4546-A0FE-E88D4F288CE3}"
EndProject
Project("{FAE04EC0-301F-11D3-BF4B-00C04F79EFBC}") = "DistributedSystem.3PC", "DistributedSystem.3PC\DistributedSystem.3PC.csproj", "{941FE9F5-7FC2-4EB4-9FED-09492F55E62F}"
EndProject
Project("{FAE04EC0-301F-11D3-BF4B-00C04F79EFBC}") = "DistributedSystem.Saga", "DistributedSystem.Saga\DistributedSystem.Saga.csproj", "{9FA885F6-4B0E-4629-BF5F-E9B895C5F975}"
EndProject
Project("{FAE04EC0-301F-11D3-BF4B-00C04F79EFBC}") = "DistributedSystem.Outbox", "DistributedSystem.Outbox\DistributedSystem.Outbox.csproj", "{D9BAC34E-8070-47FE-9EE8-D770861703D8}"
EndProject
Global
	GlobalSection(SolutionConfigurationPlatforms) = preSolution
		Debug|Any CPU = Debug|Any CPU
		Debug|x64 = Debug|x64
		Debug|x86 = Debug|x86
		Release|Any CPU = Release|Any CPU
		Release|x64 = Release|x64
		Release|x86 = Release|x86
	EndGlobalSection
	GlobalSection(ProjectConfigurationPlatforms) = postSolution
		{900853A8-FE28-4472-BCF1-3C8C0DA5142A}.Debug|Any CPU.ActiveCfg = Debug|Any CPU
		{900853A8-FE28-4472-BCF1-3C8C0DA5142A}.Debug|Any CPU.Build.0 = Debug|Any CPU
		{900853A8-FE28-4472-BCF1-3C8C0DA5142A}.Debug|x64.ActiveCfg = Debug|Any CPU
		{900853A8-FE28-4472-BCF1-3C8C0DA5142A}.Debug|x64.Build.0 = Debug|Any CPU
		{900853A8-FE28-4472-BCF1-3C8C0DA5142A}.Debug|x86.ActiveCfg = Debug|Any CPU
		{900853A8-FE28-4472-BCF1-3C8C0DA5142A}.Debug|x86.Build.0 = Debug|Any CPU
		{900853A8-FE28-4472-BCF1-3C8C0DA5142A}.Release|Any CPU.ActiveCfg = Release|Any CPU
		{900853A8-FE28-4472-BCF1-3C8C0DA5142A}.Release|Any CPU.Build.0 = Release|Any CPU
		{900853A8-FE28-4472-BCF1-3C8C0DA5142A}.Release|x64.ActiveCfg = Release|Any CPU
		{900853A8-FE28-4472-BCF1-3C8C0DA5142A}.Release|x64.Build.0 = Release|Any CPU
		{900853A8-FE28-4472-BCF1-3C8C0DA5142A}.Release|x86.ActiveCfg = Release|Any CPU
		{900853A8-FE28-4472-BCF1-3C8C0DA5142A}.Release|x86.Build.0 = Release|Any CPU
		{92DEDC1B-7579-4DA7-84B0-CB7E74B84FC8}.Debug|Any CPU.ActiveCfg = Debug|Any CPU
		{92DEDC1B-7579-4DA7-84B0-CB7E74B84FC8}.Debug|Any CPU.Build.0 = Debug|Any CPU
		{92DEDC1B-7579-4DA7-84B0-CB7E74B84FC8}.Debug|x64.ActiveCfg = Debug|Any CPU
		{92DEDC1B-7579-4DA7-84B0-CB7E74B84FC8}.Debug|x64.Build.0 = Debug|Any CPU
		{92DEDC1B-7579-4DA7-84B0-CB7E74B84FC8}.Debug|x86.ActiveCfg = Debug|Any CPU
		{92DEDC1B-7579-4DA7-84B0-CB7E74B84FC8}.Debug|x86.Build.0 = Debug|Any CPU
		{92DEDC1B-7579-4DA7-84B0-CB7E74B84FC8}.Release|Any CPU.ActiveCfg = Release|Any CPU
		{92DEDC1B-7579-4DA7-84B0-CB7E74B84FC8}.Release|Any CPU.Build.0 = Release|Any CPU
		{92DEDC1B-7579-4DA7-84B0-CB7E74B84FC8}.Release|x64.ActiveCfg = Release|Any CPU
		{92DEDC1B-7579-4DA7-84B0-CB7E74B84FC8}.Release|x64.Build.0 = Release|Any CPU
		{92DEDC1B-7579-4DA7-84B0-CB7E74B84FC8}.Release|x86.ActiveCfg = Release|Any CPU
		{92DEDC1B-7579-4DA7-84B0-CB7E74B84FC8}.Release|x86.Build.0 = Release|Any CPU
		{1A3DCE34-D83E-4379-8069-9F6CB5B4F3AD}.Debug|Any CPU.ActiveCfg = Debug|Any CPU
		{1A3DCE34-D83E-4379-8069-9F6CB5B4F3AD}.Debug|Any CPU.Build.0 = Debug|Any CPU
		{1A3DCE34-D83E-4379-8069-9F6CB5B4F3AD}.Debug|x64.ActiveCfg = Debug|Any CPU
		{1A3DCE34-D83E-4379-8069-9F6CB5B4F3AD}.Debug|x64.Build.0 = Debug|Any CPU
		{1A3DCE34-D83E-4379-8069-9F6CB5B4F3AD}.Debug|x86.ActiveCfg = Debug|Any CPU
		{1A3DCE34-D83E-4379-8069-9F6CB5B4F3AD}.Debug|x86.Build.0 = Debug|Any CPU
		{1A3DCE34-D83E-4379-8069-9F6CB5B4F3AD}.Release|Any CPU.ActiveCfg = Release|Any CPU
		{1A3DCE34-D83E-4379-8069-9F6CB5B4F3AD}.Release|Any CPU.Build.0 = Release|Any CPU
		{1A3DCE34-D83E-4379-8069-9F6CB5B4F3AD}.Release|x64.ActiveCfg = Release|Any CPU
		{1A3DCE34-D83E-4379-8069-9F6CB5B4F3AD}.Release|x64.Build.0 = Release|Any CPU
		{1A3DCE34-D83E-4379-8069-9F6CB5B4F3AD}.Release|x86.ActiveCfg = Release|Any CPU
		{1A3DCE34-D83E-4379-8069-9F6CB5B4F3AD}.Release|x86.Build.0 = Release|Any CPU
		{1B0749F3-80BB-439D-ACB4-AA341DC77670}.Debug|Any CPU.ActiveCfg = Debug|Any CPU
		{1B0749F3-80BB-439D-ACB4-AA341DC77670}.Debug|Any CPU.Build.0 = Debug|Any CPU
		{1B0749F3-80BB-439D-ACB4-AA341DC77670}.Debug|x64.ActiveCfg = Debug|Any CPU
		{1B0749F3-80BB-439D-ACB4-AA341DC77670}.Debug|x64.Build.0 = Debug|Any CPU
		{1B0749F3-80BB-439D-ACB4-AA341DC77670}.Debug|x86.ActiveCfg = Debug|Any CPU
		{1B0749F3-80BB-439D-ACB4-AA341DC77670}.Debug|x86.Build.0 = Debug|Any CPU
		{1B0749F3-80BB-439D-ACB4-AA341DC77670}.Release|Any CPU.ActiveCfg = Release|Any CPU
		{1B0749F3-80BB-439D-ACB4-AA341DC77670}.Release|Any CPU.Build.0 = Release|Any CPU
		{1B0749F3-80BB-439D-ACB4-AA341DC77670}.Release|x64.ActiveCfg = Release|Any CPU
		{1B0749F3-80BB-439D-ACB4-AA341DC77670}.Release|x64.Build.0 = Release|Any CPU
		{1B0749F3-80BB-439D-ACB4-AA341DC77670}.Release|x86.ActiveCfg = Release|Any CPU
		{1B0749F3-80BB-439D-ACB4-AA341DC77670}.Release|x86.Build.0 = Release|Any CPU
		{55BBC9CF-E1D1-4752-9C4B-B68DFD3F5DCE}.Debug|Any CPU.ActiveCfg = Debug|Any CPU
		{55BBC9CF-E1D1-4752-9C4B-B68DFD3F5DCE}.Debug|Any CPU.Build.0 = Debug|Any CPU
		{55BBC9CF-E1D1-4752-9C4B-B68DFD3F5DCE}.Debug|x64.ActiveCfg = Debug|Any CPU
		{55BBC9CF-E1D1-4752-9C4B-B68DFD3F5DCE}.Debug|x64.Build.0 = Debug|Any CPU
		{55BBC9CF-E1D1-4752-9C4B-B68DFD3F5DCE}.Debug|x86.ActiveCfg = Debug|Any CPU
		{55BBC9CF-E1D1-4752-9C4B-B68DFD3F5DCE}.Debug|x86.Build.0 = Debug|Any CPU
		{55BBC9CF-E1D1-4752-9C4B-B68DFD3F5DCE}.Release|Any CPU.ActiveCfg = Release|Any CPU
		{55BBC9CF-E1D1-4752-9C4B-B68DFD3F5DCE}.Release|Any CPU.Build.0 = Release|Any CPU
		{55BBC9CF-E1D1-4752-9C4B-B68DFD3F5DCE}.Release|x64.ActiveCfg = Release|Any CPU
		{55BBC9CF-E1D1-4752-9C4B-B68DFD3F5DCE}.Release|x64.Build.0 = Release|Any CPU
		{55BBC9CF-E1D1-4752-9C4B-B68DFD3F5DCE}.Release|x86.ActiveCfg = Release|Any CPU
		{55BBC9CF-E1D1-4752-9C4B-B68DFD3F5DCE}.Release|x86.Build.0 = Release|Any CPU
		{C8B2299B-065A-4461-07A7-75EDAC171172}.Debug|Any CPU.ActiveCfg = Debug|Any CPU
		{C8B2299B-065A-4461-07A7-75EDAC171172}.Debug|Any CPU.Build.0 = Debug|Any CPU
		{C8B2299B-065A-4461-07A7-75EDAC171172}.Debug|x64.ActiveCfg = Debug|Any CPU
		{C8B2299B-065A-4461-07A7-75EDAC171172}.Debug|x64.Build.0 = Debug|Any CPU
		{C8B2299B-065A-4461-07A7-75EDAC171172}.Debug|x86.ActiveCfg = Debug|Any CPU
		{C8B2299B-065A-4461-07A7-75EDAC171172}.Debug|x86.Build.0 = Debug|Any CPU
		{C8B2299B-065A-4461-07A7-75EDAC171172}.Release|Any CPU.ActiveCfg = Release|Any CPU
		{C8B2299B-065A-4461-07A7-75EDAC171172}.Release|Any CPU.Build.0 = Release|Any CPU
		{C8B2299B-065A-4461-07A7-75EDAC171172}.Release|x64.ActiveCfg = Release|Any CPU
		{C8B2299B-065A-4461-07A7-75EDAC171172}.Release|x64.Build.0 = Release|Any CPU
		{C8B2299B-065A-4461-07A7-75EDAC171172}.Release|x86.ActiveCfg = Release|Any CPU
		{C8B2299B-065A-4461-07A7-75EDAC171172}.Release|x86.Build.0 = Release|Any CPU
		{58D83B49-74D8-33DE-148F-7D99758946F1}.Debug|Any CPU.ActiveCfg = Debug|Any CPU
		{58D83B49-74D8-33DE-148F-7D99758946F1}.Debug|Any CPU.Build.0 = Debug|Any CPU
		{58D83B49-74D8-33DE-148F-7D99758946F1}.Debug|x64.ActiveCfg = Debug|Any CPU
		{58D83B49-74D8-33DE-148F-7D99758946F1}.Debug|x64.Build.0 = Debug|Any CPU
		{58D83B49-74D8-33DE-148F-7D99758946F1}.Debug|x86.ActiveCfg = Debug|Any CPU
		{58D83B49-74D8-33DE-148F-7D99758946F1}.Debug|x86.Build.0 = Debug|Any CPU
		{58D83B49-74D8-33DE-148F-7D99758946F1}.Release|Any CPU.ActiveCfg = Release|Any CPU
		{58D83B49-74D8-33DE-148F-7D99758946F1}.Release|Any CPU.Build.0 = Release|Any CPU
		{58D83B49-74D8-33DE-148F-7D99758946F1}.Release|x64.ActiveCfg = Release|Any CPU
		{58D83B49-74D8-33DE-148F-7D99758946F1}.Release|x64.Build.0 = Release|Any CPU
		{58D83B49-74D8-33DE-148F-7D99758946F1}.Release|x86.ActiveCfg = Release|Any CPU
		{58D83B49-74D8-33DE-148F-7D99758946F1}.Release|x86.Build.0 = Release|Any CPU
		{D412EBFE-7E25-49F1-9582-B2C262D527A6}.Debug|Any CPU.ActiveCfg = Debug|Any CPU
		{D412EBFE-7E25-49F1-9582-B2C262D527A6}.Debug|Any CPU.Build.0 = Debug|Any CPU
		{D412EBFE-7E25-49F1-9582-B2C262D527A6}.Debug|x64.ActiveCfg = Debug|Any CPU
		{D412EBFE-7E25-49F1-9582-B2C262D527A6}.Debug|x64.Build.0 = Debug|Any CPU
		{D412EBFE-7E25-49F1-9582-B2C262D527A6}.Debug|x86.ActiveCfg = Debug|Any CPU
		{D412EBFE-7E25-49F1-9582-B2C262D527A6}.Debug|x86.Build.0 = Debug|Any CPU
		{D412EBFE-7E25-49F1-9582-B2C262D527A6}.Release|Any CPU.ActiveCfg = Release|Any CPU
		{D412EBFE-7E25-49F1-9582-B2C262D527A6}.Release|Any CPU.Build.0 = Release|Any CPU
		{D412EBFE-7E25-49F1-9582-B2C262D527A6}.Release|x64.ActiveCfg = Release|Any CPU
		{D412EBFE-7E25-49F1-9582-B2C262D527A6}.Release|x64.Build.0 = Release|Any CPU
		{D412EBFE-7E25-49F1-9582-B2C262D527A6}.Release|x86.ActiveCfg = Release|Any CPU
		{D412EBFE-7E25-49F1-9582-B2C262D527A6}.Release|x86.Build.0 = Release|Any CPU
		{3B794D82-F6B1-4505-8806-180693701620}.Debug|Any CPU.ActiveCfg = Debug|Any CPU
		{3B794D82-F6B1-4505-8806-180693701620}.Debug|Any CPU.Build.0 = Debug|Any CPU
		{3B794D82-F6B1-4505-8806-180693701620}.Debug|x64.ActiveCfg = Debug|Any CPU
		{3B794D82-F6B1-4505-8806-180693701620}.Debug|x64.Build.0 = Debug|Any CPU
		{3B794D82-F6B1-4505-8806-180693701620}.Debug|x86.ActiveCfg = Debug|Any CPU
		{3B794D82-F6B1-4505-8806-180693701620}.Debug|x86.Build.0 = Debug|Any CPU
		{3B794D82-F6B1-4505-8806-180693701620}.Release|Any CPU.ActiveCfg = Release|Any CPU
		{3B794D82-F6B1-4505-8806-180693701620}.Release|Any CPU.Build.0 = Release|Any CPU
		{3B794D82-F6B1-4505-8806-180693701620}.Release|x64.ActiveCfg = Release|Any CPU
		{3B794D82-F6B1-4505-8806-180693701620}.Release|x64.Build.0 = Release|Any CPU
		{3B794D82-F6B1-4505-8806-180693701620}.Release|x86.ActiveCfg = Release|Any CPU
		{3B794D82-F6B1-4505-8806-180693701620}.Release|x86.Build.0 = Release|Any CPU
		{93E8A089-DC69-4DB0-AFC4-79196D4DA880}.Debug|Any CPU.ActiveCfg = Debug|Any CPU
		{93E8A089-DC69-4DB0-AFC4-79196D4DA880}.Debug|Any CPU.Build.0 = Debug|Any CPU
		{93E8A089-DC69-4DB0-AFC4-79196D4DA880}.Debug|x64.ActiveCfg = Debug|Any CPU
		{93E8A089-DC69-4DB0-AFC4-79196D4DA880}.Debug|x64.Build.0 = Debug|Any CPU
		{93E8A089-DC69-4DB0-AFC4-79196D4DA880}.Debug|x86.ActiveCfg = Debug|Any CPU
		{93E8A089-DC69-4DB0-AFC4-79196D4DA880}.Debug|x86.Build.0 = Debug|Any CPU
		{93E8A089-DC69-4DB0-AFC4-79196D4DA880}.Release|Any CPU.ActiveCfg = Release|Any CPU
		{93E8A089-DC69-4DB0-AFC4-79196D4DA880}.Release|Any CPU.Build.0 = Release|Any CPU
		{93E8A089-DC69-4DB0-AFC4-79196D4DA880}.Release|x64.ActiveCfg = Release|Any CPU
		{93E8A089-DC69-4DB0-AFC4-79196D4DA880}.Release|x64.Build.0 = Release|Any CPU
		{93E8A089-DC69-4DB0-AFC4-79196D4DA880}.Release|x86.ActiveCfg = Release|Any CPU
		{93E8A089-DC69-4DB0-AFC4-79196D4DA880}.Release|x86.Build.0 = Release|Any CPU
		{977BAB95-B356-496D-8817-C236A3DF022F}.Debug|Any CPU.ActiveCfg = Debug|Any CPU
		{977BAB95-B356-496D-8817-C236A3DF022F}.Debug|Any CPU.Build.0 = Debug|Any CPU
		{977BAB95-B356-496D-8817-C236A3DF022F}.Debug|x64.ActiveCfg = Debug|Any CPU
		{977BAB95-B356-496D-8817-C236A3DF022F}.Debug|x64.Build.0 = Debug|Any CPU
		{977BAB95-B356-496D-8817-C236A3DF022F}.Debug|x86.ActiveCfg = Debug|Any CPU
		{977BAB95-B356-496D-8817-C236A3DF022F}.Debug|x86.Build.0 = Debug|Any CPU
		{977BAB95-B356-496D-8817-C236A3DF022F}.Release|Any CPU.ActiveCfg = Release|Any CPU
		{977BAB95-B356-496D-8817-C236A3DF022F}.Release|Any CPU.Build.0 = Release|Any CPU
		{977BAB95-B356-496D-8817-C236A3DF022F}.Release|x64.ActiveCfg = Release|Any CPU
		{977BAB95-B356-496D-8817-C236A3DF022F}.Release|x64.Build.0 = Release|Any CPU
		{977BAB95-B356-496D-8817-C236A3DF022F}.Release|x86.ActiveCfg = Release|Any CPU
		{977BAB95-B356-496D-8817-C236A3DF022F}.Release|x86.Build.0 = Release|Any CPU
		{51C04C37-DE88-4367-B90C-CFF4277F4785}.Debug|Any CPU.ActiveCfg = Debug|Any CPU
		{51C04C37-DE88-4367-B90C-CFF4277F4785}.Debug|Any CPU.Build.0 = Debug|Any CPU
		{51C04C37-DE88-4367-B90C-CFF4277F4785}.Debug|x64.ActiveCfg = Debug|Any CPU
		{51C04C37-DE88-4367-B90C-CFF4277F4785}.Debug|x64.Build.0 = Debug|Any CPU
		{51C04C37-DE88-4367-B90C-CFF4277F4785}.Debug|x86.ActiveCfg = Debug|Any CPU
		{51C04C37-DE88-4367-B90C-CFF4277F4785}.Debug|x86.Build.0 = Debug|Any CPU
		{51C04C37-DE88-4367-B90C-CFF4277F4785}.Release|Any CPU.ActiveCfg = Release|Any CPU
		{51C04C37-DE88-4367-B90C-CFF4277F4785}.Release|Any CPU.Build.0 = Release|Any CPU
		{51C04C37-DE88-4367-B90C-CFF4277F4785}.Release|x64.ActiveCfg = Release|Any CPU
		{51C04C37-DE88-4367-B90C-CFF4277F4785}.Release|x64.Build.0 = Release|Any CPU
		{51C04C37-DE88-4367-B90C-CFF4277F4785}.Release|x86.ActiveCfg = Release|Any CPU
		{51C04C37-DE88-4367-B90C-CFF4277F4785}.Release|x86.Build.0 = Release|Any CPU
		{3B97F323-5563-48E2-87C7-DFAE49D26014}.Debug|Any CPU.ActiveCfg = Debug|Any CPU
		{3B97F323-5563-48E2-87C7-DFAE49D26014}.Debug|Any CPU.Build.0 = Debug|Any CPU
		{3B97F323-5563-48E2-87C7-DFAE49D26014}.Debug|x64.ActiveCfg = Debug|Any CPU
		{3B97F323-5563-48E2-87C7-DFAE49D26014}.Debug|x64.Build.0 = Debug|Any CPU
		{3B97F323-5563-48E2-87C7-DFAE49D26014}.Debug|x86.ActiveCfg = Debug|Any CPU
		{3B97F323-5563-48E2-87C7-DFAE49D26014}.Debug|x86.Build.0 = Debug|Any CPU
		{3B97F323-5563-48E2-87C7-DFAE49D26014}.Release|Any CPU.ActiveCfg = Release|Any CPU
		{3B97F323-5563-48E2-87C7-DFAE49D26014}.Release|Any CPU.Build.0 = Release|Any CPU
		{3B97F323-5563-48E2-87C7-DFAE49D26014}.Release|x64.ActiveCfg = Release|Any CPU
		{3B97F323-5563-48E2-87C7-DFAE49D26014}.Release|x64.Build.0 = Release|Any CPU
		{3B97F323-5563-48E2-87C7-DFAE49D26014}.Release|x86.ActiveCfg = Release|Any CPU
		{3B97F323-5563-48E2-87C7-DFAE49D26014}.Release|x86.Build.0 = Release|Any CPU
		{98C0C9F3-4988-4546-A0FE-E88D4F288CE3}.Debug|Any CPU.ActiveCfg = Debug|Any CPU
		{98C0C9F3-4988-4546-A0FE-E88D4F288CE3}.Debug|Any CPU.Build.0 = Debug|Any CPU
		{98C0C9F3-4988-4546-A0FE-E88D4F288CE3}.Debug|x64.ActiveCfg = Debug|Any CPU
		{98C0C9F3-4988-4546-A0FE-E88D4F288CE3}.Debug|x64.Build.0 = Debug|Any CPU
		{98C0C9F3-4988-4546-A0FE-E88D4F288CE3}.Debug|x86.ActiveCfg = Debug|Any CPU
		{98C0C9F3-4988-4546-A0FE-E88D4F288CE3}.Debug|x86.Build.0 = Debug|Any CPU
		{98C0C9F3-4988-4546-A0FE-E88D4F288CE3}.Release|Any CPU.ActiveCfg = Release|Any CPU
		{98C0C9F3-4988-4546-A0FE-E88D4F288CE3}.Release|Any CPU.Build.0 = Release|Any CPU
		{98C0C9F3-4988-4546-A0FE-E88D4F288CE3}.Release|x64.ActiveCfg = Release|Any CPU
		{98C0C9F3-4988-4546-A0FE-E88D4F288CE3}.Release|x64.Build.0 = Release|Any CPU
		{98C0C9F3-4988-4546-A0FE-E88D4F288CE3}.Release|x86.ActiveCfg = Release|Any CPU
		{98C0C9F3-4988-4546-A0FE-E88D4F288CE3}.Release|x86.Build.0 = Release|Any CPU
		{941FE9F5-7FC2-4EB4-9FED-09492F55E62F}.Debug|Any CPU.ActiveCfg = Debug|Any CPU
		{941FE9F5-7FC2-4EB4-9FED-09492F55E62F}.Debug|Any CPU.Build.0 = Debug|Any CPU
		{941FE9F5-7FC2-4EB4-9FED-09492F55E62F}.Debug|x64.ActiveCfg = Debug|Any CPU
		{941FE9F5-7FC2-4EB4-9FED-09492F55E62F}.Debug|x64.Build.0 = Debug|Any CPU
		{941FE9F5-7FC2-4EB4-9FED-09492F55E62F}.Debug|x86.ActiveCfg = Debug|Any CPU
		{941FE9F5-7FC2-4EB4-9FED-09492F55E62F}.Debug|x86.Build.0 = Debug|Any CPU
		{941FE9F5-7FC2-4EB4-9FED-09492F55E62F}.Release|Any CPU.ActiveCfg = Release|Any CPU
		{941FE9F5-7FC2-4EB4-9FED-09492F55E62F}.Release|Any CPU.Build.0 = Release|Any CPU
		{941FE9F5-7FC2-4EB4-9FED-09492F55E62F}.Release|x64.ActiveCfg = Release|Any CPU
		{941FE9F5-7FC2-4EB4-9FED-09492F55E62F}.Release|x64.Build.0 = Release|Any CPU
		{941FE9F5-7FC2-4EB4-9FED-09492F55E62F}.Release|x86.ActiveCfg = Release|Any CPU
		{941FE9F5-7FC2-4EB4-9FED-09492F55E62F}.Release|x86.Build.0 = Release|Any CPU
		{9FA885F6-4B0E-4629-BF5F-E9B895C5F975}.Debug|Any CPU.ActiveCfg = Debug|Any CPU
		{9FA885F6-4B0E-4629-BF5F-E9B895C5F975}.Debug|Any CPU.Build.0 = Debug|Any CPU
		{9FA885F6-4B0E-4629-BF5F-E9B895C5F975}.Debug|x64.ActiveCfg = Debug|Any CPU
		{9FA885F6-4B0E-4629-BF5F-E9B895C5F975}.Debug|x64.Build.0 = Debug|Any CPU
		{9FA885F6-4B0E-4629-BF5F-E9B895C5F975}.Debug|x86.ActiveCfg = Debug|Any CPU
		{9FA885F6-4B0E-4629-BF5F-E9B895C5F975}.Debug|x86.Build.0 = Debug|Any CPU
		{9FA885F6-4B0E-4629-BF5F-E9B895C5F975}.Release|Any CPU.ActiveCfg = Release|Any CPU
		{9FA885F6-4B0E-4629-BF5F-E9B895C5F975}.Release|Any CPU.Build.0 = Release|Any CPU
		{9FA885F6-4B0E-4629-BF5F-E9B895C5F975}.Release|x64.ActiveCfg = Release|Any CPU
		{9FA885F6-4B0E-4629-BF5F-E9B895C5F975}.Release|x64.Build.0 = Release|Any CPU
		{9FA885F6-4B0E-4629-BF5F-E9B895C5F975}.Release|x86.ActiveCfg = Release|Any CPU
		{9FA885F6-4B0E-4629-BF5F-E9B895C5F975}.Release|x86.Build.0 = Release|Any CPU
		{D9BAC34E-8070-47FE-9EE8-D770861703D8}.Debug|Any CPU.ActiveCfg = Debug|Any CPU
		{D9BAC34E-8070-47FE-9EE8-D770861703D8}.Debug|Any CPU.Build.0 = Debug|Any CPU
		{D9BAC34E-8070-47FE-9EE8-D770861703D8}.Debug|x64.ActiveCfg = Debug|Any CPU
		{D9BAC34E-8070-47FE-9EE8-D770861703D8}.Debug|x64.Build.0 = Debug|Any CPU
		{D9BAC34E-8070-47FE-9EE8-D770861703D8}.Debug|x86.ActiveCfg = Debug|Any CPU
		{D9BAC34E-8070-47FE-9EE8-D770861703D8}.Debug|x86.Build.0 = Debug|Any CPU
		{D9BAC34E-8070-47FE-9EE8-D770861703D8}.Release|Any CPU.ActiveCfg = Release|Any CPU
		{D9BAC34E-8070-47FE-9EE8-D770861703D8}.Release|Any CPU.Build.0 = Release|Any CPU
		{D9BAC34E-8070-47FE-9EE8-D770861703D8}.Release|x64.ActiveCfg = Release|Any CPU
		{D9BAC34E-8070-47FE-9EE8-D770861703D8}.Release|x64.Build.0 = Release|Any CPU
		{D9BAC34E-8070-47FE-9EE8-D770861703D8}.Release|x86.ActiveCfg = Release|Any CPU
		{D9BAC34E-8070-47FE-9EE8-D770861703D8}.Release|x86.Build.0 = Release|Any CPU
	EndGlobalSection
	GlobalSection(SolutionProperties) = preSolution
		HideSolutionNode = FALSE
	EndGlobalSection
	GlobalSection(NestedProjects) = preSolution
		{900853A8-FE28-4472-BCF1-3C8C0DA5142A} = {EFD9EEA2-F50E-4C97-8EC8-1657356F82DE}
		{92DEDC1B-7579-4DA7-84B0-CB7E74B84FC8} = {FE5048E1-2B08-4FD2-9857-31C712CFA7F4}
		{1A3DCE34-D83E-4379-8069-9F6CB5B4F3AD} = {FE5048E1-2B08-4FD2-9857-31C712CFA7F4}
		{1B0749F3-80BB-439D-ACB4-AA341DC77670} = {6681FEE5-C48F-4354-87F3-54EC4D6C6F10}
		{55BBC9CF-E1D1-4752-9C4B-B68DFD3F5DCE} = {DAC688D3-3639-4854-90DC-66F0B3F89508}
		{C8B2299B-065A-4461-07A7-75EDAC171172} = {6681FEE5-C48F-4354-87F3-54EC4D6C6F10}
		{58D83B49-74D8-33DE-148F-7D99758946F1} = {1614FB4E-9AD4-4C52-8F8C-90E8C4299814}
		{D412EBFE-7E25-49F1-9582-B2C262D527A6} = {EFD9EEA2-F50E-4C97-8EC8-1657356F82DE}
		{3B794D82-F6B1-4505-8806-180693701620} = {1614FB4E-9AD4-4C52-8F8C-90E8C4299814}
		{EFD9EEA2-F50E-4C97-8EC8-1657356F82DE} = {18FC440B-3FBD-4462-851E-0ACF16483D2C}
		{1614FB4E-9AD4-4C52-8F8C-90E8C4299814} = {18FC440B-3FBD-4462-851E-0ACF16483D2C}
		{93E8A089-DC69-4DB0-AFC4-79196D4DA880} = {6681FEE5-C48F-4354-87F3-54EC4D6C6F10}
		{977BAB95-B356-496D-8817-C236A3DF022F} = {2F43C6A1-CFED-4506-AFA5-24E9FB79E7F7}
		{51C04C37-DE88-4367-B90C-CFF4277F4785} = {2F43C6A1-CFED-4506-AFA5-24E9FB79E7F7}
	EndGlobalSection
	GlobalSection(ExtensibilityGlobals) = postSolution
		SolutionGuid = {08A0C02E-92C5-47CF-98A8-0E743DEB34DB}
	EndGlobalSection
EndGlobal
